// !$*UTF8*$!
{
	archiveVersion = 1;
	classes = {
	};
	objectVersion = 50;
	objects = {

/* Begin PBXBuildFile section */
		51F50CAD20A17C1C0075D008 /* Sample_1.framework in Frameworks */ = {isa = PBXBuildFile; fileRef = 51F50CA320A17C1C0075D008 /* Sample_1.framework */; };
		51F50CB220A17C1C0075D008 /* Sample_1Tests.swift in Sources */ = {isa = PBXBuildFile; fileRef = 51F50CB120A17C1C0075D008 /* Sample_1Tests.swift */; };
		51F50CB420A17C1C0075D008 /* Sample_1.h in Headers */ = {isa = PBXBuildFile; fileRef = 51F50CA620A17C1C0075D008 /* Sample_1.h */; settings = {ATTRIBUTES = (Public, ); }; };
		51F50CBF20A17C940075D008 /* SampleClass.swift in Sources */ = {isa = PBXBuildFile; fileRef = 51F50CBE20A17C940075D008 /* SampleClass.swift */; };
		51F50CC120A17F6C0075D008 /* Sample_1.podspec in Resources */ = {isa = PBXBuildFile; fileRef = 51F50CC020A17F6C0075D008 /* Sample_1.podspec */; };
		80045EFCC633F78B494594A8 /* Pods_Sample_1.framework in Frameworks */ = {isa = PBXBuildFile; fileRef = 9FB32E5AD73EFAC256DC54D4 /* Pods_Sample_1.framework */; };
		BDE931D4BFDB309AD0E90A18 /* Pods_Sample_1Tests.framework in Frameworks */ = {isa = PBXBuildFile; fileRef = 0D8E8E4702E8EC694C551905 /* Pods_Sample_1Tests.framework */; };
/* End PBXBuildFile section */

/* Begin PBXContainerItemProxy section */
		51F50CAE20A17C1C0075D008 /* PBXContainerItemProxy */ = {
			isa = PBXContainerItemProxy;
			containerPortal = 51F50C9A20A17C1C0075D008 /* Project object */;
			proxyType = 1;
			remoteGlobalIDString = 51F50CA220A17C1C0075D008;
			remoteInfo = Sample_1;
		};
/* End PBXContainerItemProxy section */

/* Begin PBXFileReference section */
		041B494C637F995A92243719 /* Pods-Sample_1.release.xcconfig */ = {isa = PBXFileReference; includeInIndex = 1; lastKnownFileType = text.xcconfig; name = "Pods-Sample_1.release.xcconfig"; path = "Pods/Target Support Files/Pods-Sample_1/Pods-Sample_1.release.xcconfig"; sourceTree = "<group>"; };
		04E3F96D1C983E74E7CA1689 /* Pods-Sample_1Tests.release.xcconfig */ = {isa = PBXFileReference; includeInIndex = 1; lastKnownFileType = text.xcconfig; name = "Pods-Sample_1Tests.release.xcconfig"; path = "Pods/Target Support Files/Pods-Sample_1Tests/Pods-Sample_1Tests.release.xcconfig"; sourceTree = "<group>"; };
		0D8E8E4702E8EC694C551905 /* Pods_Sample_1Tests.framework */ = {isa = PBXFileReference; explicitFileType = wrapper.framework; includeInIndex = 0; path = Pods_Sample_1Tests.framework; sourceTree = BUILT_PRODUCTS_DIR; };
		51F50CA320A17C1C0075D008 /* Sample_1.framework */ = {isa = PBXFileReference; explicitFileType = wrapper.framework; includeInIndex = 0; path = Sample_1.framework; sourceTree = BUILT_PRODUCTS_DIR; };
		51F50CA620A17C1C0075D008 /* Sample_1.h */ = {isa = PBXFileReference; lastKnownFileType = sourcecode.c.h; path = Sample_1.h; sourceTree = "<group>"; };
		51F50CA720A17C1C0075D008 /* Info.plist */ = {isa = PBXFileReference; lastKnownFileType = text.plist.xml; path = Info.plist; sourceTree = "<group>"; };
		51F50CAC20A17C1C0075D008 /* Sample_1Tests.xctest */ = {isa = PBXFileReference; explicitFileType = wrapper.cfbundle; includeInIndex = 0; path = Sample_1Tests.xctest; sourceTree = BUILT_PRODUCTS_DIR; };
		51F50CB120A17C1C0075D008 /* Sample_1Tests.swift */ = {isa = PBXFileReference; lastKnownFileType = sourcecode.swift; path = Sample_1Tests.swift; sourceTree = "<group>"; };
		51F50CB320A17C1C0075D008 /* Info.plist */ = {isa = PBXFileReference; lastKnownFileType = text.plist.xml; path = Info.plist; sourceTree = "<group>"; };
		51F50CBE20A17C940075D008 /* SampleClass.swift */ = {isa = PBXFileReference; lastKnownFileType = sourcecode.swift; path = SampleClass.swift; sourceTree = "<group>"; };
		51F50CC020A17F6C0075D008 /* Sample_1.podspec */ = {isa = PBXFileReference; fileEncoding = 4; lastKnownFileType = text; path = Sample_1.podspec; sourceTree = SOURCE_ROOT; };
		66225BB57E3AB69A4962F7A0 /* Pods-Sample_1Tests.debug.xcconfig */ = {isa = PBXFileReference; includeInIndex = 1; lastKnownFileType = text.xcconfig; name = "Pods-Sample_1Tests.debug.xcconfig"; path = "Pods/Target Support Files/Pods-Sample_1Tests/Pods-Sample_1Tests.debug.xcconfig"; sourceTree = "<group>"; };
		9FB32E5AD73EFAC256DC54D4 /* Pods_Sample_1.framework */ = {isa = PBXFileReference; explicitFileType = wrapper.framework; includeInIndex = 0; path = Pods_Sample_1.framework; sourceTree = BUILT_PRODUCTS_DIR; };
		C415A0BB0B5563CEC920BAAF /* Pods-Sample_1.debug.xcconfig */ = {isa = PBXFileReference; includeInIndex = 1; lastKnownFileType = text.xcconfig; name = "Pods-Sample_1.debug.xcconfig"; path = "Pods/Target Support Files/Pods-Sample_1/Pods-Sample_1.debug.xcconfig"; sourceTree = "<group>"; };
/* End PBXFileReference section */

/* Begin PBXFrameworksBuildPhase section */
		51F50C9F20A17C1C0075D008 /* Frameworks */ = {
			isa = PBXFrameworksBuildPhase;
			buildActionMask = 2147483647;
			files = (
				80045EFCC633F78B494594A8 /* Pods_Sample_1.framework in Frameworks */,
			);
			runOnlyForDeploymentPostprocessing = 0;
		};
		51F50CA920A17C1C0075D008 /* Frameworks */ = {
			isa = PBXFrameworksBuildPhase;
			buildActionMask = 2147483647;
			files = (
				51F50CAD20A17C1C0075D008 /* Sample_1.framework in Frameworks */,
				BDE931D4BFDB309AD0E90A18 /* Pods_Sample_1Tests.framework in Frameworks */,
			);
			runOnlyForDeploymentPostprocessing = 0;
		};
/* End PBXFrameworksBuildPhase section */

/* Begin PBXGroup section */
		139D1FCED290BBA6D3A1EE65 /* Frameworks */ = {
			isa = PBXGroup;
			children = (
				9FB32E5AD73EFAC256DC54D4 /* Pods_Sample_1.framework */,
				0D8E8E4702E8EC694C551905 /* Pods_Sample_1Tests.framework */,
			);
			name = Frameworks;
			sourceTree = "<group>";
		};
		51F50C9920A17C1C0075D008 = {
			isa = PBXGroup;
			children = (
				51F50CA520A17C1C0075D008 /* Sample_1 */,
				51F50CB020A17C1C0075D008 /* Sample_1Tests */,
				51F50CA420A17C1C0075D008 /* Products */,
				EA1F02591E2BCA83274BF997 /* Pods */,
				139D1FCED290BBA6D3A1EE65 /* Frameworks */,
			);
			sourceTree = "<group>";
		};
		51F50CA420A17C1C0075D008 /* Products */ = {
			isa = PBXGroup;
			children = (
				51F50CA320A17C1C0075D008 /* Sample_1.framework */,
				51F50CAC20A17C1C0075D008 /* Sample_1Tests.xctest */,
			);
			name = Products;
			sourceTree = "<group>";
		};
		51F50CA520A17C1C0075D008 /* Sample_1 */ = {
			isa = PBXGroup;
			children = (
				51F50CC020A17F6C0075D008 /* Sample_1.podspec */,
				51F50CBD20A17C8B0075D008 /* Classes */,
				51F50CA620A17C1C0075D008 /* Sample_1.h */,
				51F50CA720A17C1C0075D008 /* Info.plist */,
			);
			path = Sample_1;
			sourceTree = "<group>";
		};
		51F50CB020A17C1C0075D008 /* Sample_1Tests */ = {
			isa = PBXGroup;
			children = (
				51F50CB120A17C1C0075D008 /* Sample_1Tests.swift */,
				51F50CB320A17C1C0075D008 /* Info.plist */,
			);
			path = Sample_1Tests;
			sourceTree = "<group>";
		};
		51F50CBD20A17C8B0075D008 /* Classes */ = {
			isa = PBXGroup;
			children = (
				51F50CBE20A17C940075D008 /* SampleClass.swift */,
			);
			path = Classes;
			sourceTree = "<group>";
		};
		EA1F02591E2BCA83274BF997 /* Pods */ = {
			isa = PBXGroup;
			children = (
				C415A0BB0B5563CEC920BAAF /* Pods-Sample_1.debug.xcconfig */,
				041B494C637F995A92243719 /* Pods-Sample_1.release.xcconfig */,
				66225BB57E3AB69A4962F7A0 /* Pods-Sample_1Tests.debug.xcconfig */,
				04E3F96D1C983E74E7CA1689 /* Pods-Sample_1Tests.release.xcconfig */,
			);
			name = Pods;
			sourceTree = "<group>";
		};
/* End PBXGroup section */

/* Begin PBXHeadersBuildPhase section */
		51F50CA020A17C1C0075D008 /* Headers */ = {
			isa = PBXHeadersBuildPhase;
			buildActionMask = 2147483647;
			files = (
				51F50CB420A17C1C0075D008 /* Sample_1.h in Headers */,
			);
			runOnlyForDeploymentPostprocessing = 0;
		};
/* End PBXHeadersBuildPhase section */

/* Begin PBXNativeTarget section */
		51F50CA220A17C1C0075D008 /* Sample_1 */ = {
			isa = PBXNativeTarget;
			buildConfigurationList = 51F50CB720A17C1C0075D008 /* Build configuration list for PBXNativeTarget "Sample_1" */;
			buildPhases = (
				2C1A10B71084AF63B4EB6224 /* [CP] Check Pods Manifest.lock */,
				51F50C9E20A17C1C0075D008 /* Sources */,
				51F50C9F20A17C1C0075D008 /* Frameworks */,
				51F50CA020A17C1C0075D008 /* Headers */,
				51F50CA120A17C1C0075D008 /* Resources */,
			);
			buildRules = (
			);
			dependencies = (
			);
			name = Sample_1;
			productName = Sample_1;
			productReference = 51F50CA320A17C1C0075D008 /* Sample_1.framework */;
			productType = "com.apple.product-type.framework";
		};
		51F50CAB20A17C1C0075D008 /* Sample_1Tests */ = {
			isa = PBXNativeTarget;
			buildConfigurationList = 51F50CBA20A17C1C0075D008 /* Build configuration list for PBXNativeTarget "Sample_1Tests" */;
			buildPhases = (
				5528B3AAF716A422E6D07EC1 /* [CP] Check Pods Manifest.lock */,
				51F50CA820A17C1C0075D008 /* Sources */,
				51F50CA920A17C1C0075D008 /* Frameworks */,
				51F50CAA20A17C1C0075D008 /* Resources */,
				6DAC908AC785D9F213767A49 /* [CP] Embed Pods Frameworks */,
			);
			buildRules = (
			);
			dependencies = (
				51F50CAF20A17C1C0075D008 /* PBXTargetDependency */,
			);
			name = Sample_1Tests;
			productName = Sample_1Tests;
			productReference = 51F50CAC20A17C1C0075D008 /* Sample_1Tests.xctest */;
			productType = "com.apple.product-type.bundle.unit-test";
		};
/* End PBXNativeTarget section */

/* Begin PBXProject section */
		51F50C9A20A17C1C0075D008 /* Project object */ = {
			isa = PBXProject;
			attributes = {
				LastSwiftUpdateCheck = 0930;
				LastUpgradeCheck = 0930;
				ORGANIZATIONNAME = Olx;
				TargetAttributes = {
					51F50CA220A17C1C0075D008 = {
						CreatedOnToolsVersion = 9.3;
						LastSwiftMigration = 0930;
					};
					51F50CAB20A17C1C0075D008 = {
						CreatedOnToolsVersion = 9.3;
					};
				};
			};
			buildConfigurationList = 51F50C9D20A17C1C0075D008 /* Build configuration list for PBXProject "Sample_1" */;
			compatibilityVersion = "Xcode 9.3";
			developmentRegion = en;
			hasScannedForEncodings = 0;
			knownRegions = (
				en,
			);
			mainGroup = 51F50C9920A17C1C0075D008;
			productRefGroup = 51F50CA420A17C1C0075D008 /* Products */;
			projectDirPath = "";
			projectRoot = "";
			targets = (
				51F50CA220A17C1C0075D008 /* Sample_1 */,
				51F50CAB20A17C1C0075D008 /* Sample_1Tests */,
			);
		};
/* End PBXProject section */

/* Begin PBXResourcesBuildPhase section */
		51F50CA120A17C1C0075D008 /* Resources */ = {
			isa = PBXResourcesBuildPhase;
			buildActionMask = 2147483647;
			files = (
				51F50CC120A17F6C0075D008 /* Sample_1.podspec in Resources */,
			);
			runOnlyForDeploymentPostprocessing = 0;
		};
		51F50CAA20A17C1C0075D008 /* Resources */ = {
			isa = PBXResourcesBuildPhase;
			buildActionMask = 2147483647;
			files = (
			);
			runOnlyForDeploymentPostprocessing = 0;
		};
/* End PBXResourcesBuildPhase section */

/* Begin PBXShellScriptBuildPhase section */
		2C1A10B71084AF63B4EB6224 /* [CP] Check Pods Manifest.lock */ = {
			isa = PBXShellScriptBuildPhase;
			buildActionMask = 2147483647;
			files = (
			);
			inputPaths = (
				"${PODS_PODFILE_DIR_PATH}/Podfile.lock",
				"${PODS_ROOT}/Manifest.lock",
			);
			name = "[CP] Check Pods Manifest.lock";
			outputPaths = (
				"$(DERIVED_FILE_DIR)/Pods-Sample_1-checkManifestLockResult.txt",
			);
			runOnlyForDeploymentPostprocessing = 0;
			shellPath = /bin/sh;
			shellScript = "diff \"${PODS_PODFILE_DIR_PATH}/Podfile.lock\" \"${PODS_ROOT}/Manifest.lock\" > /dev/null\nif [ $? != 0 ] ; then\n    # print error to STDERR\n    echo \"error: The sandbox is not in sync with the Podfile.lock. Run 'pod install' or update your CocoaPods installation.\" >&2\n    exit 1\nfi\n# This output is used by Xcode 'outputs' to avoid re-running this script phase.\necho \"SUCCESS\" > \"${SCRIPT_OUTPUT_FILE_0}\"\n";
			showEnvVarsInLog = 0;
		};
		5528B3AAF716A422E6D07EC1 /* [CP] Check Pods Manifest.lock */ = {
			isa = PBXShellScriptBuildPhase;
			buildActionMask = 2147483647;
			files = (
			);
			inputPaths = (
				"${PODS_PODFILE_DIR_PATH}/Podfile.lock",
				"${PODS_ROOT}/Manifest.lock",
			);
			name = "[CP] Check Pods Manifest.lock";
			outputPaths = (
				"$(DERIVED_FILE_DIR)/Pods-Sample_1Tests-checkManifestLockResult.txt",
			);
			runOnlyForDeploymentPostprocessing = 0;
			shellPath = /bin/sh;
			shellScript = "diff \"${PODS_PODFILE_DIR_PATH}/Podfile.lock\" \"${PODS_ROOT}/Manifest.lock\" > /dev/null\nif [ $? != 0 ] ; then\n    # print error to STDERR\n    echo \"error: The sandbox is not in sync with the Podfile.lock. Run 'pod install' or update your CocoaPods installation.\" >&2\n    exit 1\nfi\n# This output is used by Xcode 'outputs' to avoid re-running this script phase.\necho \"SUCCESS\" > \"${SCRIPT_OUTPUT_FILE_0}\"\n";
			showEnvVarsInLog = 0;
		};
		6DAC908AC785D9F213767A49 /* [CP] Embed Pods Frameworks */ = {
			isa = PBXShellScriptBuildPhase;
			buildActionMask = 2147483647;
			files = (
			);
			inputPaths = (
				"${SRCROOT}/Pods/Target Support Files/Pods-Sample_1Tests/Pods-Sample_1Tests-frameworks.sh",
				"${BUILT_PRODUCTS_DIR}/Alamofire/Alamofire.framework",
			);
			name = "[CP] Embed Pods Frameworks";
			outputPaths = (
				"${TARGET_BUILD_DIR}/${FRAMEWORKS_FOLDER_PATH}/Alamofire.framework",
			);
			runOnlyForDeploymentPostprocessing = 0;
			shellPath = /bin/sh;
			shellScript = "\"${SRCROOT}/Pods/Target Support Files/Pods-Sample_1Tests/Pods-Sample_1Tests-frameworks.sh\"\n";
			showEnvVarsInLog = 0;
		};
/* End PBXShellScriptBuildPhase section */

/* Begin PBXSourcesBuildPhase section */
		51F50C9E20A17C1C0075D008 /* Sources */ = {
			isa = PBXSourcesBuildPhase;
			buildActionMask = 2147483647;
			files = (
				51F50CBF20A17C940075D008 /* SampleClass.swift in Sources */,
			);
			runOnlyForDeploymentPostprocessing = 0;
		};
		51F50CA820A17C1C0075D008 /* Sources */ = {
			isa = PBXSourcesBuildPhase;
			buildActionMask = 2147483647;
			files = (
				51F50CB220A17C1C0075D008 /* Sample_1Tests.swift in Sources */,
			);
			runOnlyForDeploymentPostprocessing = 0;
		};
/* End PBXSourcesBuildPhase section */

/* Begin PBXTargetDependency section */
		51F50CAF20A17C1C0075D008 /* PBXTargetDependency */ = {
			isa = PBXTargetDependency;
			target = 51F50CA220A17C1C0075D008 /* Sample_1 */;
			targetProxy = 51F50CAE20A17C1C0075D008 /* PBXContainerItemProxy */;
		};
/* End PBXTargetDependency section */

/* Begin XCBuildConfiguration section */
		51F50CB520A17C1C0075D008 /* Debug */ = {
			isa = XCBuildConfiguration;
			buildSettings = {
				ALWAYS_SEARCH_USER_PATHS = NO;
				CLANG_ANALYZER_NONNULL = YES;
				CLANG_ANALYZER_NUMBER_OBJECT_CONVERSION = YES_AGGRESSIVE;
				CLANG_CXX_LANGUAGE_STANDARD = "gnu++14";
				CLANG_CXX_LIBRARY = "libc++";
				CLANG_ENABLE_MODULES = YES;
				CLANG_ENABLE_OBJC_ARC = YES;
				CLANG_ENABLE_OBJC_WEAK = YES;
				CLANG_WARN_BLOCK_CAPTURE_AUTORELEASING = YES;
				CLANG_WARN_BOOL_CONVERSION = YES;
				CLANG_WARN_COMMA = YES;
				CLANG_WARN_CONSTANT_CONVERSION = YES;
				CLANG_WARN_DEPRECATED_OBJC_IMPLEMENTATIONS = YES;
				CLANG_WARN_DIRECT_OBJC_ISA_USAGE = YES_ERROR;
				CLANG_WARN_DOCUMENTATION_COMMENTS = YES;
				CLANG_WARN_EMPTY_BODY = YES;
				CLANG_WARN_ENUM_CONVERSION = YES;
				CLANG_WARN_INFINITE_RECURSION = YES;
				CLANG_WARN_INT_CONVERSION = YES;
				CLANG_WARN_NON_LITERAL_NULL_CONVERSION = YES;
				CLANG_WARN_OBJC_IMPLICIT_RETAIN_SELF = YES;
				CLANG_WARN_OBJC_LITERAL_CONVERSION = YES;
				CLANG_WARN_OBJC_ROOT_CLASS = YES_ERROR;
				CLANG_WARN_RANGE_LOOP_ANALYSIS = YES;
				CLANG_WARN_STRICT_PROTOTYPES = YES;
				CLANG_WARN_SUSPICIOUS_MOVE = YES;
				CLANG_WARN_UNGUARDED_AVAILABILITY = YES_AGGRESSIVE;
				CLANG_WARN_UNREACHABLE_CODE = YES;
				CLANG_WARN__DUPLICATE_METHOD_MATCH = YES;
				CODE_SIGN_IDENTITY = "iPhone Developer";
				COPY_PHASE_STRIP = NO;
				CURRENT_PROJECT_VERSION = 1;
				DEBUG_INFORMATION_FORMAT = dwarf;
				ENABLE_STRICT_OBJC_MSGSEND = YES;
				ENABLE_TESTABILITY = YES;
				GCC_C_LANGUAGE_STANDARD = gnu11;
				GCC_DYNAMIC_NO_PIC = NO;
				GCC_NO_COMMON_BLOCKS = YES;
				GCC_OPTIMIZATION_LEVEL = 0;
				GCC_PREPROCESSOR_DEFINITIONS = (
					"DEBUG=1",
					"$(inherited)",
				);
				GCC_WARN_64_TO_32_BIT_CONVERSION = YES;
				GCC_WARN_ABOUT_RETURN_TYPE = YES_ERROR;
				GCC_WARN_UNDECLARED_SELECTOR = YES;
				GCC_WARN_UNINITIALIZED_AUTOS = YES_AGGRESSIVE;
				GCC_WARN_UNUSED_FUNCTION = YES;
				GCC_WARN_UNUSED_VARIABLE = YES;
				IPHONEOS_DEPLOYMENT_TARGET = 11.3;
				MTL_ENABLE_DEBUG_INFO = YES;
				ONLY_ACTIVE_ARCH = YES;
				SDKROOT = iphoneos;
				SWIFT_ACTIVE_COMPILATION_CONDITIONS = DEBUG;
				SWIFT_OPTIMIZATION_LEVEL = "-Onone";
				VERSIONING_SYSTEM = "apple-generic";
				VERSION_INFO_PREFIX = "";
			};
			name = Debug;
		};
		51F50CB620A17C1C0075D008 /* Release */ = {
			isa = XCBuildConfiguration;
			buildSettings = {
				ALWAYS_SEARCH_USER_PATHS = NO;
				CLANG_ANALYZER_NONNULL = YES;
				CLANG_ANALYZER_NUMBER_OBJECT_CONVERSION = YES_AGGRESSIVE;
				CLANG_CXX_LANGUAGE_STANDARD = "gnu++14";
				CLANG_CXX_LIBRARY = "libc++";
				CLANG_ENABLE_MODULES = YES;
				CLANG_ENABLE_OBJC_ARC = YES;
				CLANG_ENABLE_OBJC_WEAK = YES;
				CLANG_WARN_BLOCK_CAPTURE_AUTORELEASING = YES;
				CLANG_WARN_BOOL_CONVERSION = YES;
				CLANG_WARN_COMMA = YES;
				CLANG_WARN_CONSTANT_CONVERSION = YES;
				CLANG_WARN_DEPRECATED_OBJC_IMPLEMENTATIONS = YES;
				CLANG_WARN_DIRECT_OBJC_ISA_USAGE = YES_ERROR;
				CLANG_WARN_DOCUMENTATION_COMMENTS = YES;
				CLANG_WARN_EMPTY_BODY = YES;
				CLANG_WARN_ENUM_CONVERSION = YES;
				CLANG_WARN_INFINITE_RECURSION = YES;
				CLANG_WARN_INT_CONVERSION = YES;
				CLANG_WARN_NON_LITERAL_NULL_CONVERSION = YES;
				CLANG_WARN_OBJC_IMPLICIT_RETAIN_SELF = YES;
				CLANG_WARN_OBJC_LITERAL_CONVERSION = YES;
				CLANG_WARN_OBJC_ROOT_CLASS = YES_ERROR;
				CLANG_WARN_RANGE_LOOP_ANALYSIS = YES;
				CLANG_WARN_STRICT_PROTOTYPES = YES;
				CLANG_WARN_SUSPICIOUS_MOVE = YES;
				CLANG_WARN_UNGUARDED_AVAILABILITY = YES_AGGRESSIVE;
				CLANG_WARN_UNREACHABLE_CODE = YES;
				CLANG_WARN__DUPLICATE_METHOD_MATCH = YES;
				CODE_SIGN_IDENTITY = "iPhone Developer";
				COPY_PHASE_STRIP = NO;
				CURRENT_PROJECT_VERSION = 1;
				DEBUG_INFORMATION_FORMAT = "dwarf-with-dsym";
				ENABLE_NS_ASSERTIONS = NO;
				ENABLE_STRICT_OBJC_MSGSEND = YES;
				GCC_C_LANGUAGE_STANDARD = gnu11;
				GCC_NO_COMMON_BLOCKS = YES;
				GCC_WARN_64_TO_32_BIT_CONVERSION = YES;
				GCC_WARN_ABOUT_RETURN_TYPE = YES_ERROR;
				GCC_WARN_UNDECLARED_SELECTOR = YES;
				GCC_WARN_UNINITIALIZED_AUTOS = YES_AGGRESSIVE;
				GCC_WARN_UNUSED_FUNCTION = YES;
				GCC_WARN_UNUSED_VARIABLE = YES;
				IPHONEOS_DEPLOYMENT_TARGET = 11.3;
				MTL_ENABLE_DEBUG_INFO = NO;
				SDKROOT = iphoneos;
				SWIFT_COMPILATION_MODE = wholemodule;
				SWIFT_OPTIMIZATION_LEVEL = "-O";
				VALIDATE_PRODUCT = YES;
				VERSIONING_SYSTEM = "apple-generic";
				VERSION_INFO_PREFIX = "";
			};
			name = Release;
		};
		51F50CB820A17C1C0075D008 /* Debug */ = {
			isa = XCBuildConfiguration;
			baseConfigurationReference = C415A0BB0B5563CEC920BAAF /* Pods-Sample_1.debug.xcconfig */;
			buildSettings = {
				CLANG_ENABLE_MODULES = YES;
				CODE_SIGN_IDENTITY = "";
				CODE_SIGN_STYLE = Automatic;
				DEFINES_MODULE = YES;
				DYLIB_COMPATIBILITY_VERSION = 1;
				DYLIB_CURRENT_VERSION = 1;
				DYLIB_INSTALL_NAME_BASE = "@rpath";
				INFOPLIST_FILE = Sample_1/Info.plist;
				INSTALL_PATH = "$(LOCAL_LIBRARY_DIR)/Frameworks";
				LD_RUNPATH_SEARCH_PATHS = (
					"$(inherited)",
					"@executable_path/Frameworks",
					"@loader_path/Frameworks",
				);
				PRODUCT_BUNDLE_IDENTIFIER = "Olx.Sample-1";
				PRODUCT_NAME = "$(TARGET_NAME:c99extidentifier)";
				SKIP_INSTALL = YES;
				SWIFT_OPTIMIZATION_LEVEL = "-Onone";
				SWIFT_VERSION = 4.0;
				TARGETED_DEVICE_FAMILY = "1,2";
			};
			name = Debug;
		};
		51F50CB920A17C1C0075D008 /* Release */ = {
			isa = XCBuildConfiguration;
			baseConfigurationReference = 041B494C637F995A92243719 /* Pods-Sample_1.release.xcconfig */;
			buildSettings = {
				CLANG_ENABLE_MODULES = YES;
				CODE_SIGN_IDENTITY = "";
				CODE_SIGN_STYLE = Automatic;
				DEFINES_MODULE = YES;
				DYLIB_COMPATIBILITY_VERSION = 1;
				DYLIB_CURRENT_VERSION = 1;
				DYLIB_INSTALL_NAME_BASE = "@rpath";
				INFOPLIST_FILE = Sample_1/Info.plist;
				INSTALL_PATH = "$(LOCAL_LIBRARY_DIR)/Frameworks";
				LD_RUNPATH_SEARCH_PATHS = (
					"$(inherited)",
					"@executable_path/Frameworks",
					"@loader_path/Frameworks",
				);
				PRODUCT_BUNDLE_IDENTIFIER = "Olx.Sample-1";
				PRODUCT_NAME = "$(TARGET_NAME:c99extidentifier)";
				SKIP_INSTALL = YES;
				SWIFT_VERSION = 4.0;
				TARGETED_DEVICE_FAMILY = "1,2";
			};
			name = Release;
		};
		51F50CBB20A17C1C0075D008 /* Debug */ = {
			isa = XCBuildConfiguration;
			baseConfigurationReference = 66225BB57E3AB69A4962F7A0 /* Pods-Sample_1Tests.debug.xcconfig */;
			buildSettings = {
				ALWAYS_EMBED_SWIFT_STANDARD_LIBRARIES = YES;
				CODE_SIGN_STYLE = Automatic;
				INFOPLIST_FILE = Sample_1Tests/Info.plist;
				LD_RUNPATH_SEARCH_PATHS = (
					"$(inherited)",
					"@executable_path/Frameworks",
					"@loader_path/Frameworks",
				);
				PRODUCT_BUNDLE_IDENTIFIER = "Olx.Sample-1Tests";
				PRODUCT_NAME = "$(TARGET_NAME)";
				SWIFT_VERSION = 4.0;
				TARGETED_DEVICE_FAMILY = "1,2";
			};
			name = Debug;
		};
		51F50CBC20A17C1C0075D008 /* Release */ = {
			isa = XCBuildConfiguration;
			baseConfigurationReference = 04E3F96D1C983E74E7CA1689 /* Pods-Sample_1Tests.release.xcconfig */;
			buildSettings = {
				ALWAYS_EMBED_SWIFT_STANDARD_LIBRARIES = YES;
				CODE_SIGN_STYLE = Automatic;
				INFOPLIST_FILE = Sample_1Tests/Info.plist;
				LD_RUNPATH_SEARCH_PATHS = (
					"$(inherited)",
					"@executable_path/Frameworks",
					"@loader_path/Frameworks",
				);
				PRODUCT_BUNDLE_IDENTIFIER = "Olx.Sample-1Tests";
				PRODUCT_NAME = "$(TARGET_NAME)";
				SWIFT_VERSION = 4.0;
				TARGETED_DEVICE_FAMILY = "1,2";
			};
			name = Release;
		};
/* End XCBuildConfiguration section */

/* Begin XCConfigurationList section */
		51F50C9D20A17C1C0075D008 /* Build configuration list for PBXProject "Sample_1" */ = {
			isa = XCConfigurationList;
			buildConfigurations = (
				51F50CB520A17C1C0075D008 /* Debug */,
				51F50CB620A17C1C0075D008 /* Release */,
			);
			defaultConfigurationIsVisible = 0;
			defaultConfigurationName = Release;
		};
		51F50CB720A17C1C0075D008 /* Build configuration list for PBXNativeTarget "Sample_1" */ = {
			isa = XCConfigurationList;
			buildConfigurations = (
				51F50CB820A17C1C0075D008 /* Debug */,
				51F50CB920A17C1C0075D008 /* Release */,
			);
			defaultConfigurationIsVisible = 0;
			defaultConfigurationName = Release;
		};
		51F50CBA20A17C1C0075D008 /* Build configuration list for PBXNativeTarget "Sample_1Tests" */ = {
			isa = XCConfigurationList;
			buildConfigurations = (
				51F50CBB20A17C1C0075D008 /* Debug */,
				51F50CBC20A17C1C0075D008 /* Release */,
			);
			defaultConfigurationIsVisible = 0;
			defaultConfigurationName = Release;
		};
/* End XCConfigurationList section */
	};
	rootObject = 51F50C9A20A17C1C0075D008 /* Project object */;
}
